
Microsoft Visual Studio Solution File, Format Version 12.00
Project("{FAE04EC0-301F-11D3-BF4B-00C04F79EFBC}") = "CqrsApi.Core", "CqrsApi.Core\CqrsApi.Core.csproj", "{16BAA7B7-12F6-4CA2-B7F6-2C58AAABA7CF}"
EndProject
Project("{FAE04EC0-301F-11D3-BF4B-00C04F79EFBC}") = "CqrsApi.Models", "CqrsApi.Models\CqrsApi.Models.csproj", "{0CBA284B-54D4-4209-8209-4079FD7DF540}"
EndProject
Project("{FAE04EC0-301F-11D3-BF4B-00C04F79EFBC}") = "CqrsApi.Requests", "CqrsApi.Requests\CqrsApi.Requests.csproj", "{791480E5-DB8D-4DB1-87A8-F94770DA77B9}"
EndProject
Project("{FAE04EC0-301F-11D3-BF4B-00C04F79EFBC}") = "CqrsApi.Data", "CqrsApi.Data\CqrsApi.Data.csproj", "{52333D9B-0D11-4484-BE07-304DC4F5B021}"
EndProject
Project("{2150E333-8FDC-42A3-9474-1A3956D46DE8}") = "items", "items", "{E0D60CEC-70B2-4DBE-B324-E7442680E13C}"
	ProjectSection(SolutionItems) = preProject
		.gitignore = .gitignore
		.dockerignore = .dockerignore
		Dockerfile = Dockerfile
		README.md = README.md
		CqrsApi.sln.DotSettings = CqrsApi.sln.DotSettings
	EndProjectSection
EndProject
Project("{2150E333-8FDC-42A3-9474-1A3956D46DE8}") = ".github", ".github", "{AB02E391-C07B-41D3-B2C3-4BF6B3421697}"
EndProject
Project("{2150E333-8FDC-42A3-9474-1A3956D46DE8}") = "workflows", "workflows", "{F1E30713-11AD-40FD-8BF1-0B119F2CBCD8}"
	ProjectSection(SolutionItems) = preProject
		.github\workflows\run-build-and-test.yml = .github\workflows\run-build-and-test.yml
	EndProjectSection
EndProject
Project("{2150E333-8FDC-42A3-9474-1A3956D46DE8}") = "azure-pipelines", "azure-pipelines", "{36B782C0-AA27-437B-B7D3-0878C7F832D8}"
	ProjectSection(SolutionItems) = preProject
		azure-pipelines\azure-pipelines.yml = azure-pipelines\azure-pipelines.yml
		azure-pipelines\azure-pipelines-iis-deploy.yml = azure-pipelines\azure-pipelines-iis-deploy.yml
	EndProjectSection
EndProject
Project("{2150E333-8FDC-42A3-9474-1A3956D46DE8}") = "templates", "templates", "{59FD8C29-4E22-424C-A868-3F76476AC627}"
	ProjectSection(SolutionItems) = preProject
		azure-pipelines\templates\dotnet-build-steps-template.yml = azure-pipelines\templates\dotnet-build-steps-template.yml
	EndProjectSection
EndProject
Project("{2150E333-8FDC-42A3-9474-1A3956D46DE8}") = "scripts", "scripts", "{889E7444-C4BA-4528-B06A-82513880E1CA}"
	ProjectSection(SolutionItems) = preProject
		scripts\GenerateSSLCert.ps1 = scripts\GenerateSSLCert.ps1
	EndProjectSection
EndProject
Global
	GlobalSection(SolutionConfigurationPlatforms) = preSolution
		Debug|Any CPU = Debug|Any CPU
		Release|Any CPU = Release|Any CPU
	EndGlobalSection
	GlobalSection(ProjectConfigurationPlatforms) = postSolution
		{16BAA7B7-12F6-4CA2-B7F6-2C58AAABA7CF}.Debug|Any CPU.ActiveCfg = Debug|Any CPU
		{16BAA7B7-12F6-4CA2-B7F6-2C58AAABA7CF}.Debug|Any CPU.Build.0 = Debug|Any CPU
		{16BAA7B7-12F6-4CA2-B7F6-2C58AAABA7CF}.Release|Any CPU.ActiveCfg = Release|Any CPU
		{16BAA7B7-12F6-4CA2-B7F6-2C58AAABA7CF}.Release|Any CPU.Build.0 = Release|Any CPU
		{0CBA284B-54D4-4209-8209-4079FD7DF540}.Debug|Any CPU.ActiveCfg = Debug|Any CPU
		{0CBA284B-54D4-4209-8209-4079FD7DF540}.Debug|Any CPU.Build.0 = Debug|Any CPU
		{0CBA284B-54D4-4209-8209-4079FD7DF540}.Release|Any CPU.ActiveCfg = Release|Any CPU
		{0CBA284B-54D4-4209-8209-4079FD7DF540}.Release|Any CPU.Build.0 = Release|Any CPU
		{791480E5-DB8D-4DB1-87A8-F94770DA77B9}.Debug|Any CPU.ActiveCfg = Debug|Any CPU
		{791480E5-DB8D-4DB1-87A8-F94770DA77B9}.Debug|Any CPU.Build.0 = Debug|Any CPU
		{791480E5-DB8D-4DB1-87A8-F94770DA77B9}.Release|Any CPU.ActiveCfg = Release|Any CPU
		{791480E5-DB8D-4DB1-87A8-F94770DA77B9}.Release|Any CPU.Build.0 = Release|Any CPU
		{52333D9B-0D11-4484-BE07-304DC4F5B021}.Debug|Any CPU.ActiveCfg = Debug|Any CPU
		{52333D9B-0D11-4484-BE07-304DC4F5B021}.Debug|Any CPU.Build.0 = Debug|Any CPU
		{52333D9B-0D11-4484-BE07-304DC4F5B021}.Release|Any CPU.ActiveCfg = Release|Any CPU
		{52333D9B-0D11-4484-BE07-304DC4F5B021}.Release|Any CPU.Build.0 = Release|Any CPU
	EndGlobalSection
	GlobalSection(NestedProjects) = preSolution
		{F1E30713-11AD-40FD-8BF1-0B119F2CBCD8} = {AB02E391-C07B-41D3-B2C3-4BF6B3421697}
		{59FD8C29-4E22-424C-A868-3F76476AC627} = {36B782C0-AA27-437B-B7D3-0878C7F832D8}
	EndGlobalSection
EndGlobal
