
Microsoft Visual Studio Solution File, Format Version 12.00
Project("{FAE04EC0-301F-11D3-BF4B-00C04F79EFBC}") = "MoviesAPI.Core", "MoviesAPI.Core\MoviesAPI.Core.csproj", "{16BAA7B7-12F6-4CA2-B7F6-2C58AAABA7CF}"
EndProject
Project("{FAE04EC0-301F-11D3-BF4B-00C04F79EFBC}") = "MoviesAPI.Models", "MoviesAPI.Models\MoviesAPI.Models.csproj", "{0CBA284B-54D4-4209-8209-4079FD7DF540}"
EndProject
Project("{FAE04EC0-301F-11D3-BF4B-00C04F79EFBC}") = "MoviesAPI.Requests", "MoviesAPI.Requests\MoviesAPI.Requests.csproj", "{791480E5-DB8D-4DB1-87A8-F94770DA77B9}"
EndProject
Project("{FAE04EC0-301F-11D3-BF4B-00C04F79EFBC}") = "MoviesAPI.Data", "MoviesAPI.Data\MoviesAPI.Data.csproj", "{52333D9B-0D11-4484-BE07-304DC4F5B021}"
EndProject
Project("{2150E333-8FDC-42A3-9474-1A3956D46DE8}") = "items", "items", "{E0D60CEC-70B2-4DBE-B324-E7442680E13C}"
	ProjectSection(SolutionItems) = preProject
		.gitignore = .gitignore
		.dockerignore = .dockerignore
		Dockerfile = Dockerfile
		README.md = README.md
		GitVersion.yml = GitVersion.yml
		Jenkinsfile = Jenkinsfile
		docker-compose.yml = docker-compose.yml
		.gitattributes = .gitattributes
		ContainerJob.Dockerfile = ContainerJob.Dockerfile
		Azure_DevOps_Library.xlsx = Azure_DevOps_Library.xlsx
	EndProjectSection
EndProject
Project("{2150E333-8FDC-42A3-9474-1A3956D46DE8}") = ".github", ".github", "{AB02E391-C07B-41D3-B2C3-4BF6B3421697}"
EndProject
Project("{2150E333-8FDC-42A3-9474-1A3956D46DE8}") = "workflows", "workflows", "{F1E30713-11AD-40FD-8BF1-0B119F2CBCD8}"
	ProjectSection(SolutionItems) = preProject
		.github\workflows\run-build-and-test.yml = .github\workflows\run-build-and-test.yml
		.github\workflows\docker-build-push.yml = .github\workflows\docker-build-push.yml
	EndProjectSection
EndProject
Project("{2150E333-8FDC-42A3-9474-1A3956D46DE8}") = "azure-pipelines", "azure-pipelines", "{36B782C0-AA27-437B-B7D3-0878C7F832D8}"
	ProjectSection(SolutionItems) = preProject
		azure-pipelines\azdo-owasp-scan.yml = azure-pipelines\azdo-owasp-scan.yml
		azure-pipelines\azdo-webapp-build.yml = azure-pipelines\azdo-webapp-build.yml
		azure-pipelines\azdo-push-container-dockerhub.yml = azure-pipelines\azdo-push-container-dockerhub.yml
		azure-pipelines\azdo-aks-deploy.yml = azure-pipelines\azdo-aks-deploy.yml
		azure-pipelines\azdo-container-job.yml = azure-pipelines\azdo-container-job.yml
		azure-pipelines\azdo-webapp-nginx-deploy.yml = azure-pipelines\azdo-webapp-nginx-deploy.yml
		azure-pipelines\azdo-webapp-iis-deploy.yml = azure-pipelines\azdo-webapp-iis-deploy.yml
	EndProjectSection
EndProject
Project("{2150E333-8FDC-42A3-9474-1A3956D46DE8}") = "scripts", "scripts", "{889E7444-C4BA-4528-B06A-82513880E1CA}"
	ProjectSection(SolutionItems) = preProject
		scripts\GenerateSSLCert.ps1 = scripts\GenerateSSLCert.ps1
		scripts\test_container.ps1 = scripts\test_container.ps1
		scripts\sed_docker_compose.sh = scripts\sed_docker_compose.sh
		scripts\create-aks-cluster.ps1 = scripts\create-aks-cluster.ps1
		scripts\import_cert_manager_images.sh = scripts\import_cert_manager_images.sh
		scripts\provision_cluster.sh = scripts\provision_cluster.sh
		scripts\ingress-config.sh = scripts\ingress-config.sh
		scripts\kill_port_if_used.sh = scripts\kill_port_if_used.sh
		scripts\idempotent_service_run.sh = scripts\idempotent_service_run.sh
		scripts\dotnet_publish_selfcontained.ps1 = scripts\dotnet_publish_selfcontained.ps1
	EndProjectSection
EndProject
Project("{2150E333-8FDC-42A3-9474-1A3956D46DE8}") = "prod-compose", "prod-compose", "{A740EC43-F8A3-4027-8BD5-FEFD0BA5BDF8}"
	ProjectSection(SolutionItems) = preProject
		prod-compose\docker-compose.yml = prod-compose\docker-compose.yml
	EndProjectSection
EndProject
Project("{2150E333-8FDC-42A3-9474-1A3956D46DE8}") = "sql", "sql", "{998B547D-C5F4-434F-B31A-E2100C46E2F6}"
	ProjectSection(SolutionItems) = preProject
		sql\CreateLogin.sql = sql\CreateLogin.sql
		sql\InitialMigration.sql = sql\InitialMigration.sql
		sql\CreateUser.sql = sql\CreateUser.sql
		sql\TablePermissions.sql = sql\TablePermissions.sql
	EndProjectSection
EndProject
Project("{2150E333-8FDC-42A3-9474-1A3956D46DE8}") = "kubernetes", "kubernetes", "{785ABC94-A180-4060-9DCA-AE775DD49E42}"
EndProject
Project("{2150E333-8FDC-42A3-9474-1A3956D46DE8}") = "api-deployment", "api-deployment", "{F561B0A4-8299-41E2-B24E-A62B65EFA7B9}"
	ProjectSection(SolutionItems) = preProject
		kubernetes\api-deployment\api-configmap.yaml = kubernetes\api-deployment\api-configmap.yaml
		kubernetes\api-deployment\api-deployment.yaml = kubernetes\api-deployment\api-deployment.yaml
		kubernetes\api-deployment\api-service.yaml = kubernetes\api-deployment\api-service.yaml
	EndProjectSection
EndProject
Project("{2150E333-8FDC-42A3-9474-1A3956D46DE8}") = "mssql-deployment", "mssql-deployment", "{A9B5420D-1707-4F7A-B1FF-F4C6652BD828}"
	ProjectSection(SolutionItems) = preProject
		kubernetes\mssql-deployment\mssql-deployment.yaml = kubernetes\mssql-deployment\mssql-deployment.yaml
		kubernetes\mssql-deployment\mssql-persistent-volume.yaml = kubernetes\mssql-deployment\mssql-persistent-volume.yaml
		kubernetes\mssql-deployment\mssql-service.yaml = kubernetes\mssql-deployment\mssql-service.yaml
	EndProjectSection
EndProject
Project("{2150E333-8FDC-42A3-9474-1A3956D46DE8}") = "api-deployment-aks-az-pipelines", "api-deployment-aks-az-pipelines", "{6E58D4CC-472A-4AC2-ADCD-4E0E025EA119}"
	ProjectSection(SolutionItems) = preProject
		kubernetes\api-deployment-aks-az-pipelines\api-configmap.yaml = kubernetes\api-deployment-aks-az-pipelines\api-configmap.yaml
		kubernetes\api-deployment-aks-az-pipelines\api-deployment.yaml = kubernetes\api-deployment-aks-az-pipelines\api-deployment.yaml
		kubernetes\api-deployment-aks-az-pipelines\api-service.yaml = kubernetes\api-deployment-aks-az-pipelines\api-service.yaml
	EndProjectSection
EndProject
Project("{2150E333-8FDC-42A3-9474-1A3956D46DE8}") = "ca-cluster-issuer", "ca-cluster-issuer", "{92B25508-5417-46EE-B3EC-21E9FF31D300}"
	ProjectSection(SolutionItems) = preProject
		kubernetes\ca-cluster-issuer\cluster-issuer.yaml = kubernetes\ca-cluster-issuer\cluster-issuer.yaml
		kubernetes\ca-cluster-issuer\cert-manager-values.yaml = kubernetes\ca-cluster-issuer\cert-manager-values.yaml
		kubernetes\ca-cluster-issuer\letsencrypt-prod-cluster-issuer.yaml = kubernetes\ca-cluster-issuer\letsencrypt-prod-cluster-issuer.yaml
		kubernetes\ca-cluster-issuer\README.md = kubernetes\ca-cluster-issuer\README.md
	EndProjectSection
EndProject
Project("{2150E333-8FDC-42A3-9474-1A3956D46DE8}") = "ingress", "ingress", "{F13F30CF-4EA1-456D-9D22-5F759C355447}"
	ProjectSection(SolutionItems) = preProject
		kubernetes\ingress\movies-ingress.yaml = kubernetes\ingress\movies-ingress.yaml
		kubernetes\ingress\movies-https-ingress.yaml = kubernetes\ingress\movies-https-ingress.yaml
	EndProjectSection
EndProject
Project("{2150E333-8FDC-42A3-9474-1A3956D46DE8}") = "api-deployment-cluster-ip", "api-deployment-cluster-ip", "{F2C0B8C5-ACD5-4A72-B2CC-BA4B2C517DF7}"
	ProjectSection(SolutionItems) = preProject
		kubernetes\api-deployment-cluster-ip\api-configmap.yaml = kubernetes\api-deployment-cluster-ip\api-configmap.yaml
		kubernetes\api-deployment-cluster-ip\api-deployment.yaml = kubernetes\api-deployment-cluster-ip\api-deployment.yaml
		kubernetes\api-deployment-cluster-ip\api-service.yaml = kubernetes\api-deployment-cluster-ip\api-service.yaml
	EndProjectSection
EndProject
Project("{2150E333-8FDC-42A3-9474-1A3956D46DE8}") = "dashboard", "dashboard", "{F437CAA5-E01C-438D-AC6A-811560846852}"
	ProjectSection(SolutionItems) = preProject
		kubernetes\dashboard\dashboard-admin.yaml = kubernetes\dashboard\dashboard-admin.yaml
		kubernetes\dashboard\README.md = kubernetes\dashboard\README.md
	EndProjectSection
EndProject
Project("{2150E333-8FDC-42A3-9474-1A3956D46DE8}") = "img", "img", "{98BEA01E-0D05-4AF0-9681-09EA90B601F8}"
	ProjectSection(SolutionItems) = preProject
		img\01_Entire_Library.png = img\01_Entire_Library.png
		img\02_IIS_UI_Release_Settings.png = img\02_IIS_UI_Release_Settings.png
		img\03_IIS_UI_Release_VirtualApplication_Settings.png = img\03_IIS_UI_Release_VirtualApplication_Settings.png
		img\04_IIS_YAML_Release_Settings.png = img\04_IIS_YAML_Release_Settings.png
		img\05_IIS_YAML_Release_VirtualApplication_Settings.png = img\05_IIS_YAML_Release_VirtualApplication_Settings.png
		img\06_Movies_Appsettings.png = img\06_Movies_Appsettings.png
		img\07_devtest.team_wildcard_certificate.png = img\07_devtest.team_wildcard_certificate.png
		img\08_razumovsky.me_wildcard_certificate.png = img\08_razumovsky.me_wildcard_certificate.png
		img\09_SQL_server_login_settings1.png = img\09_SQL_server_login_settings1.png
		img\10_SQL_server_login_settings2.png = img\10_SQL_server_login_settings2.png
		img\11_SQL_server_configuration.png = img\11_SQL_server_configuration.png
	EndProjectSection
EndProject
Project("{2150E333-8FDC-42A3-9474-1A3956D46DE8}") = "nginx", "nginx", "{C13F247F-D9EC-416B-821C-414C8A37B9B7}"
	ProjectSection(SolutionItems) = preProject
		nginx\Nginx_Config_Via_DNS.conf = nginx\Nginx_Config_Via_DNS.conf
		nginx\Nginx_Config_Via_IP_Address.conf = nginx\Nginx_Config_Via_IP_Address.conf
	EndProjectSection
EndProject
Project("{2150E333-8FDC-42A3-9474-1A3956D46DE8}") = "ubuntu-services", "ubuntu-services", "{F675FC67-A24F-4B05-A60A-5DCE90C79661}"
	ProjectSection(SolutionItems) = preProject
		ubuntu-services\movesapi.service = ubuntu-services\movesapi.service
		ubuntu-services\moviesapi.docker.service = ubuntu-services\moviesapi.docker.service
	EndProjectSection
EndProject
Global
	GlobalSection(SolutionConfigurationPlatforms) = preSolution
		Debug|Any CPU = Debug|Any CPU
		Release|Any CPU = Release|Any CPU
	EndGlobalSection
	GlobalSection(ProjectConfigurationPlatforms) = postSolution
		{16BAA7B7-12F6-4CA2-B7F6-2C58AAABA7CF}.Debug|Any CPU.ActiveCfg = Debug|Any CPU
		{16BAA7B7-12F6-4CA2-B7F6-2C58AAABA7CF}.Debug|Any CPU.Build.0 = Debug|Any CPU
		{16BAA7B7-12F6-4CA2-B7F6-2C58AAABA7CF}.Release|Any CPU.ActiveCfg = Release|Any CPU
		{16BAA7B7-12F6-4CA2-B7F6-2C58AAABA7CF}.Release|Any CPU.Build.0 = Release|Any CPU
		{0CBA284B-54D4-4209-8209-4079FD7DF540}.Debug|Any CPU.ActiveCfg = Debug|Any CPU
		{0CBA284B-54D4-4209-8209-4079FD7DF540}.Debug|Any CPU.Build.0 = Debug|Any CPU
		{0CBA284B-54D4-4209-8209-4079FD7DF540}.Release|Any CPU.ActiveCfg = Release|Any CPU
		{0CBA284B-54D4-4209-8209-4079FD7DF540}.Release|Any CPU.Build.0 = Release|Any CPU
		{791480E5-DB8D-4DB1-87A8-F94770DA77B9}.Debug|Any CPU.ActiveCfg = Debug|Any CPU
		{791480E5-DB8D-4DB1-87A8-F94770DA77B9}.Debug|Any CPU.Build.0 = Debug|Any CPU
		{791480E5-DB8D-4DB1-87A8-F94770DA77B9}.Release|Any CPU.ActiveCfg = Release|Any CPU
		{791480E5-DB8D-4DB1-87A8-F94770DA77B9}.Release|Any CPU.Build.0 = Release|Any CPU
		{52333D9B-0D11-4484-BE07-304DC4F5B021}.Debug|Any CPU.ActiveCfg = Debug|Any CPU
		{52333D9B-0D11-4484-BE07-304DC4F5B021}.Debug|Any CPU.Build.0 = Debug|Any CPU
		{52333D9B-0D11-4484-BE07-304DC4F5B021}.Release|Any CPU.ActiveCfg = Release|Any CPU
		{52333D9B-0D11-4484-BE07-304DC4F5B021}.Release|Any CPU.Build.0 = Release|Any CPU
	EndGlobalSection
	GlobalSection(NestedProjects) = preSolution
		{F1E30713-11AD-40FD-8BF1-0B119F2CBCD8} = {AB02E391-C07B-41D3-B2C3-4BF6B3421697}
		{F561B0A4-8299-41E2-B24E-A62B65EFA7B9} = {785ABC94-A180-4060-9DCA-AE775DD49E42}
		{A9B5420D-1707-4F7A-B1FF-F4C6652BD828} = {785ABC94-A180-4060-9DCA-AE775DD49E42}
		{6E58D4CC-472A-4AC2-ADCD-4E0E025EA119} = {785ABC94-A180-4060-9DCA-AE775DD49E42}
		{92B25508-5417-46EE-B3EC-21E9FF31D300} = {785ABC94-A180-4060-9DCA-AE775DD49E42}
		{F13F30CF-4EA1-456D-9D22-5F759C355447} = {785ABC94-A180-4060-9DCA-AE775DD49E42}
		{F2C0B8C5-ACD5-4A72-B2CC-BA4B2C517DF7} = {785ABC94-A180-4060-9DCA-AE775DD49E42}
		{F437CAA5-E01C-438D-AC6A-811560846852} = {785ABC94-A180-4060-9DCA-AE775DD49E42}
	EndGlobalSection
EndGlobal
